
Microsoft Visual Studio Solution File, Format Version 12.00
# Visual Studio Version 17
VisualStudioVersion = 17.7.34031.279
MinimumVisualStudioVersion = 10.0.40219.1
Project("{FAE04EC0-301F-11D3-BF4B-00C04F79EFBC}") = "Ques1", "Ques1\Ques1.csproj", "{B570FB53-2BBC-46ED-AAB8-CB85EC6444B8}"
EndProject
Global
	GlobalSection(SolutionConfigurationPlatforms) = preSolution
		Debug|Any CPU = Debug|Any CPU
		Release|Any CPU = Release|Any CPU
	EndGlobalSection
	GlobalSection(ProjectConfigurationPlatforms) = postSolution
		{B570FB53-2BBC-46ED-AAB8-CB85EC6444B8}.Debug|Any CPU.ActiveCfg = Debug|Any CPU
		{B570FB53-2BBC-46ED-AAB8-CB85EC6444B8}.Debug|Any CPU.Build.0 = Debug|Any CPU
		{B570FB53-2BBC-46ED-AAB8-CB85EC6444B8}.Release|Any CPU.ActiveCfg = Release|Any CPU
		{B570FB53-2BBC-46ED-AAB8-CB85EC6444B8}.Release|Any CPU.Build.0 = Release|Any CPU
	EndGlobalSection
	GlobalSection(SolutionProperties) = preSolution
		HideSolutionNode = FALSE
	EndGlobalSection
	GlobalSection(ExtensibilityGlobals) = postSolution
		SolutionGuid = {7003D453-F178-4A80-A298-CFB048306ED9}
	EndGlobalSection
EndGlobal
